
Microsoft Visual Studio Solution File, Format Version 12.00
# Visual Studio 2012
Project("{FAE04EC0-301F-11D3-BF4B-00C04F79EFBC}") = "Xamarin.TapTargetView", "Xamarin.TapTargetView.csproj", "{95D95B4F-D752-4EB2-99C4-1FBF0326934A}"
EndProject
Global
	GlobalSection(SolutionConfigurationPlatforms) = preSolution
		Debug|Any CPU = Debug|Any CPU
		Release|Any CPU = Release|Any CPU
	EndGlobalSection
	GlobalSection(ProjectConfigurationPlatforms) = postSolution
		{95D95B4F-D752-4EB2-99C4-1FBF0326934A}.Debug|Any CPU.ActiveCfg = Debug|Any CPU
		{95D95B4F-D752-4EB2-99C4-1FBF0326934A}.Debug|Any CPU.Build.0 = Debug|Any CPU
		{95D95B4F-D752-4EB2-99C4-1FBF0326934A}.Release|Any CPU.ActiveCfg = Release|Any CPU
		{95D95B4F-D752-4EB2-99C4-1FBF0326934A}.Release|Any CPU.Build.0 = Release|Any CPU
	EndGlobalSection
EndGlobal
